
Microsoft Visual Studio Solution File, Format Version 12.00
# Visual Studio Version 16
VisualStudioVersion = 16.0.30621.155
MinimumVisualStudioVersion = 10.0.40219.1
Project("{FAE04EC0-301F-11D3-BF4B-00C04F79EFBC}") = "FastFood", "FastFood\FastFood.csproj", "{B1602F10-E7AA-4D5E-B351-59BAA387810B}"
EndProject
Project("{FAE04EC0-301F-11D3-BF4B-00C04F79EFBC}") = "test_report", "test_report\test_report.csproj", "{E759D072-DDA2-4F0B-B02E-E79F0AA92156}"
EndProject
Global
	GlobalSection(SolutionConfigurationPlatforms) = preSolution
		Debug|Any CPU = Debug|Any CPU
		Release|Any CPU = Release|Any CPU
	EndGlobalSection
	GlobalSection(ProjectConfigurationPlatforms) = postSolution
		{B1602F10-E7AA-4D5E-B351-59BAA387810B}.Debug|Any CPU.ActiveCfg = Debug|Any CPU
		{B1602F10-E7AA-4D5E-B351-59BAA387810B}.Debug|Any CPU.Build.0 = Debug|Any CPU
		{B1602F10-E7AA-4D5E-B351-59BAA387810B}.Release|Any CPU.ActiveCfg = Release|Any CPU
		{B1602F10-E7AA-4D5E-B351-59BAA387810B}.Release|Any CPU.Build.0 = Release|Any CPU
		{E759D072-DDA2-4F0B-B02E-E79F0AA92156}.Debug|Any CPU.ActiveCfg = Debug|Any CPU
		{E759D072-DDA2-4F0B-B02E-E79F0AA92156}.Debug|Any CPU.Build.0 = Debug|Any CPU
		{E759D072-DDA2-4F0B-B02E-E79F0AA92156}.Release|Any CPU.ActiveCfg = Release|Any CPU
		{E759D072-DDA2-4F0B-B02E-E79F0AA92156}.Release|Any CPU.Build.0 = Release|Any CPU
	EndGlobalSection
	GlobalSection(SolutionProperties) = preSolution
		HideSolutionNode = FALSE
	EndGlobalSection
	GlobalSection(ExtensibilityGlobals) = postSolution
		SolutionGuid = {4988F475-4F99-4280-888B-7147C5084178}
	EndGlobalSection
EndGlobal
